
Microsoft Visual Studio Solution File, Format Version 12.00
Project("{FAE04EC0-301F-11D3-BF4B-00C04F79EFBC}") = "CoinDataApi", "CoinDataApi\CoinDataApi.csproj", "{EA07A10E-09FC-4217-A5CF-77EB2BB7E464}"
EndProject
Global
	GlobalSection(SolutionConfigurationPlatforms) = preSolution
		Debug|Any CPU = Debug|Any CPU
		Release|Any CPU = Release|Any CPU
	EndGlobalSection
	GlobalSection(ProjectConfigurationPlatforms) = postSolution
		{EA07A10E-09FC-4217-A5CF-77EB2BB7E464}.Debug|Any CPU.ActiveCfg = Debug|Any CPU
		{EA07A10E-09FC-4217-A5CF-77EB2BB7E464}.Debug|Any CPU.Build.0 = Debug|Any CPU
		{EA07A10E-09FC-4217-A5CF-77EB2BB7E464}.Release|Any CPU.ActiveCfg = Release|Any CPU
		{EA07A10E-09FC-4217-A5CF-77EB2BB7E464}.Release|Any CPU.Build.0 = Release|Any CPU
	EndGlobalSection
EndGlobal
